schema_version: 2
status: blocked
blocked_by: "Official OV-AVEBench preprocessed archive has not been manually provided from an authorized Microsoft session"
upstream:
  repository: "https://github.com/jasongief/OV-AVEL.git"
  commit: "b5fe1d685d0c6d0d6fd80312b5ccde79f9b73ea6"
  checkout_clean: true
metadata:
  status: resolved
  receipt: "reports/data/official_metadata_receipt.json"
  receipt_sha256: "6c058a3490dfc0a756312d8c4ab999c95c2543fbfb20cef317d4fbb293957279"
  audit: "reports/data/official_metadata_audit.json"
  audit_sha256: "65667d659281ac46ac9cf77f7656e29d6d882a2f0d238d61d7ffa61423288f83"
  csv_sha256: "f916b2a7fbaed53c95c6124efe3f11189766a2516805406639578c9a5fd4fb9d"
  annotation_sha256: "4a1b170095c0427b1ca3e6f178ced2b0dd1efbf753959f03905fe33c6f01f009"
  counts:
    train: 13182
    val: 5798
    test: 5820
    total: 24800
  classes:
    total: 67
    close_seen: 46
    open_unseen: 21
  records_by_group:
    close_seen: 16497
    open_unseen: 8303
  segment_length_histogram:
    "10": 24800
official_archive:
  status: blocked_official_archive_not_provided
  filename: null
  bytes: null
  sha256: null
  archive_test: not_executed
  archive_listing: not_executed
  source: "authorized manual download required; third-party mirrors forbidden"
extraction:
  status: not_executed_gate_blocked
  receipt: "reports/data/official_archive_extraction_receipt.json"
  extracted_tree_sha256: null
layout:
  status: not_executed_gate_blocked
  report: "reports/data/preprocessed_layout_discovery.json"
  dataset_root: null
  frame_count_histogram: null
  wav_sample_rate_histogram: null
source_manifests:
  status: not_executed_gate_blocked
  train:
    path: null
    count: null
    sha256: null
  val:
    path: null
    count: null
    sha256: null
  test:
    path: null
    count: null
    sha256: null
source_audit:
  status: not_executed_gate_blocked
  path: "reports/mm26_source_manifest_audit.json"
  errors: null
  warnings: null
blockers:
  - "Manually provide the official archive from the authorized SharePoint session."
  - "Hash and test the original bytes, then run safe extraction and full layout discovery."
  - "Do not infer source manifests or preprocessing parameters before those gates pass."
