schema_version: 1
status: blocked
blocked_by:
  - "internvideo2 declared/imported class conflict unresolved"
  - "no direct historical checkpoint identities or bytes"
  - "official data/source manifests unavailable"
teachers:
  internvideo2:
    status: unresolved
    repository: null
    commit: null
    working_tree_clean: null
    module: null
    imported_class: "InternVideo2_CLIP_small"
    declared_variant: "InternVideo2-Base / CLIP-B14"
    preprocessing: null
    output_dim: 512
    determinism_tolerance: null
    checkpoint_files:
      - role: vision
        source_url_or_archive: null
        filename: null
        bytes: null
        sha256: null
        top_level_keys: null
      - role: text
        source_url_or_archive: null
        filename: null
        bytes: null
        sha256: null
        top_level_keys: null
      - role: extra_clip
        source_url_or_archive: null
        filename: null
        bytes: null
        sha256: null
        top_level_keys: null
  beats:
    status: unresolved
    repository: null
    commit: null
    working_tree_clean: null
    module: null
    imported_class: "BEATs"
    variant: null
    pretrained_or_finetuned: null
    preprocessing: null
    output_dim: 768
    determinism_tolerance: null
    checkpoint_files:
      - role: encoder
        source_url_or_archive: null
        filename: null
        bytes: null
        sha256: null
        top_level_keys: null
  clap:
    status: unresolved
    repository: null
    commit: null
    working_tree_clean: null
    module: null
    imported_class: "msclap.CLAP"
    version: null
    normalize: null
    preprocessing: null
    output_dim: 1024
    determinism_tolerance: null
    checkpoint_files:
      - role: text_encoder
        source_url_or_archive: null
        filename: null
        bytes: null
        sha256: null
        top_level_keys: null
real_smoke:
  status: not_executed_gate_blocked
  records: 0
  repeat: 0
  report: "reports/teachers/teacher_identity.json"
  repeatability: "reports/teachers/smoke_repeatability.json"
full_export:
  status: not_executed_gate_blocked
  records: 0
  errors: null
  cache_root_sha256: null
  train_manifest_sha256: null
  val_manifest_sha256: null
  test_manifest_sha256: null
blockers:
  - "Recover exact repositories, commits, imported classes, preprocessing and all five checkpoint identities."
  - "Do not choose the closest public checkpoint by name."
  - "Run real repeat-2 smoke only after the data and identity gates pass."
