schema_version: 1
status: resolved
claim_level: paper_specified_reconstruction
mode: canonical_official_png_wav
frame_policy: natural_sorted_no_repeat
config_bindings:
  - path: data.preprocessing_mode
    value: canonical_official_png_wav
  - path: data.frame_policy
    value: natural_sorted_no_repeat
reference:
  repository: "https://github.com/jasongief/OV-AVEL.git"
  commit: "b5fe1d685d0c6d0d6fd80312b5ccde79f9b73ea6"
  path: "external/OV-AVEL/proposed_method/ImageBind-main/imagebind/data.py"
  sha256: "2a044e75c704bae90dcb1445e0b9647132fb934929902508dbe9efc367c211ed"
canonical_manifest:
  visual_source: official_png
  audio_source: official_wav
  raw_video_source: official_raw_video
  frame_order: natural_path_key
  generated_spectrograms: false
  temporal_resampling: false
  atomic_publication: partial_fsync_os_replace
visual:
  train:
    resize: [224, 224]
    random_horizontal_flip_probability: 0.5
    color_jitter:
      brightness: 0.2
      contrast: 0.2
      saturation: 0.2
      hue: 0.02
    to_tensor: true
    normalization: imagenet_mean_std
  validation_test:
    resize: [224, 224]
    to_tensor: true
    normalization: imagenet_mean_std
  pngs_per_segment: 1
audio:
  source: official_wav
  reference: fixed_commit_ov_avel_imagebind_data_py
  sample_rate: 16000
  duration_seconds: 10
  segments: 10
  segment_seconds: 1
  repeat_waveform_to_seconds: 2
  representation: kaldi_fbank
  num_mel_bins: 128
  frame_length_ms: 25
  frame_shift_ms: 10
  target_length: 204
  mean: -4.268
  std: 9.138
  student_channels: 3
  student_resize: [224, 224]
  save_as_jpeg: false
  second_imagenet_normalization: false
  beats_source: raw_16khz_waveform
internvideo2:
  declared_model_class: "InternVideo2-Base / CLIP-B14"
  repo_root: "external/teachers/InternVideo/InternVideo2/multi_modality"
  vision_ckpt_path: "weights/internvideo2/B14_dist_1B_stage2.pth"
  vision_ckpt_sha256: "1037a4785a830f9d663cab72da5751129e012042e428a74e019f84f016cd0be7"
  text_ckpt_path: "weights/internvideo2/mobileclip_blt.pt"
  text_ckpt_sha256: "670844f7a886dd6eff7a9285adfc53f3d3c889c03bfc8354010cb5c6bf27441a"
  extra_ckpt_path: "weights/internvideo2/InternVideo2_CLIP_B14.pth"
  extra_ckpt_sha256: "c76ebe61e955500056e83f137e028eb6ad5101e1ace137c62fbde6c3569fb05e"
  source: official_raw_video
  video_duration_seconds: 10
  intervals: 10
  decode: deterministic_timestamps
  temporal_sampling_fps: 16
  num_frames: 8
  frame_sampling: uniform_within_each_one_second_interval
  short_clip_policy: error
  missing_video_policy: block
  align_dim: 512
  checkpoint_identity_included: true
legacy:
  mode: noncanonical_legacy_generated_jpeg_mel
  canonical_allowed: false
  output: RGB_JPEG
