schema_version: 1
status: resolved
claim_level: paper_specified_reconstruction
mode: canonical_official_jpg_wav
frame_policy: natural_sorted_no_repeat
canonical_visual_extension: .jpg
config_bindings:
  - path: data.preprocessing_mode
    value: canonical_official_jpg_wav
  - path: data.frame_policy
    value: natural_sorted_no_repeat
  - path: data.canonical_visual_extension
    value: .jpg
  - path: data.num_segments
    value: 10
reference:
  repository: "https://github.com/jasongief/OV-AVEL.git"
  commit: "b5fe1d685d0c6d0d6fd80312b5ccde79f9b73ea6"
  path: "external/OV-AVEL/proposed_method/ImageBind-main/imagebind/data.py"
  sha256: "2a044e75c704bae90dcb1445e0b9647132fb934929902508dbe9efc367c211ed"
canonical_manifest:
  visual_source: official_jpg
  audio_source: official_wav
  raw_video_source: optional_official_raw_video_diagnostic
  frame_order: natural_path_key
  generated_spectrograms: false
  temporal_resampling: false
  atomic_publication: partial_fsync_os_replace
  official_frame_names:
    - 00000001.jpg
    - 00000002.jpg
    - 00000003.jpg
    - 00000004.jpg
    - 00000005.jpg
    - 00000006.jpg
    - 00000007.jpg
    - 00000008.jpg
    - 00000009.jpg
    - 00000010.jpg
official_archive_observation:
  receipt:
    path: reports/data/official_preprocessed_download_receipt.json
    sha256: 307774d55d3886c5a9d0ad1ac838f12eafa5932e17e8a4138328d1a8f84992ec
  layout_audit:
    path: reports/data/preprocessed_layout_discovery.json
    sha256: 7d8eed820dce10a914f4254777749b4592ee4ad869187616ae25f11e2e42299c
  archive_sha256: ebecec9915052beffbba7ae1debd7b45cfef7b70fd7866196b964ab8542a413e
  jpg_files: 248000
  wav_files: 24800
  samples: 24800
  metadata_bijection_verified: true
  logical_layout_sha256: 756cdb8e73ced5610c708ca43e76c7cb1cac867573c567501c35d52953720919
visual:
  train:
    resize: [224, 224]
    random_horizontal_flip_probability: 0.5
    color_jitter:
      brightness: 0.2
      contrast: 0.2
      saturation: 0.2
      hue: 0.02
    to_tensor: true
    normalization: imagenet_mean_std
  validation_test:
    resize: [224, 224]
    to_tensor: true
    normalization: imagenet_mean_std
  jpgs_per_segment: 1
audio:
  source: official_wav
  reference: fixed_commit_ov_avel_imagebind_data_py
  sample_rate: 16000
  duration_seconds: 10
  segments: 10
  segment_seconds: 1
  repeat_waveform_to_seconds: 2
  representation: kaldi_fbank
  num_mel_bins: 128
  frame_length_ms: 25
  frame_shift_ms: 10
  target_length: 204
  mean: -4.268
  std: 9.138
  student_channels: 3
  student_resize: [224, 224]
  save_as_jpeg: false
  second_imagenet_normalization: false
  beats_source: raw_16khz_waveform
internvideo2:
  declared_model_class: "InternVideo2-Base / CLIP-B14"
  repo_root: "external/teachers/InternVideo/InternVideo2/multi_modality"
  vision_ckpt_path: "weights/internvideo2/B14_dist_1B_stage2.pth"
  vision_ckpt_sha256: "1037a4785a830f9d663cab72da5751129e012042e428a74e019f84f016cd0be7"
  text_ckpt_path: "weights/internvideo2/mobileclip_blt.pt"
  text_ckpt_sha256: "670844f7a886dd6eff7a9285adfc53f3d3c889c03bfc8354010cb5c6bf27441a"
  extra_ckpt_path: "weights/internvideo2/InternVideo2_CLIP_B14.pth"
  extra_ckpt_sha256: "c76ebe61e955500056e83f137e028eb6ad5101e1ace137c62fbde6c3569fb05e"
  source: official_segment_keyframes
  input_mode: official_segment_keyframes
  task_segments: 10
  num_frames: 8
  frame_sampling: repeat_segment_keyframe
  frame_expansion: repeat_last_to_num_frames
  missing_keyframe_policy: block
  raw_video_diagnostic:
    enabled: false
    source: official_raw_video
    video_duration_seconds: 10
    intervals: 10
    decode: deterministic_timestamps
    temporal_sampling_fps: 16
    frame_sampling: uniform_within_each_one_second_interval
    short_clip_policy: error
    missing_video_policy: block_when_enabled
  align_dim: 512
  checkpoint_identity_included: true
legacy:
  mode: noncanonical_legacy_generated_jpeg_mel
  canonical_allowed: false
  output: RGB_JPEG
